lockfileVersion: '9.0'

settings:
  autoInstallPeers: true
  excludeLinksFromLockfile: false

importers:

  .:
    dependencies:
      node-downloader-helper:
        specifier: ^2.1.9
        version: 2.1.9

packages:

  node-downloader-helper@2.1.9:
    resolution: {integrity: sha512-FSvAol2Z8UP191sZtsUZwHIN0eGoGue3uEXGdWIH5228e9KH1YHXT7fN8Oa33UGf+FbqGTQg3sJfrRGzmVCaJA==}
    engines: {node: '>=14.18'}
    hasBin: true

snapshots:

  node-downloader-helper@2.1.9: {}
